
Microsoft Visual Studio Solution File, Format Version 12.00
# Visual Studio Version 17
VisualStudioVersion = 17.1.32328.378
MinimumVisualStudioVersion = 10.0.40219.1
Project("{FAE04EC0-301F-11D3-BF4B-00C04F79EFBC}") = "Flight Service", "Flight Service.csproj", "{B4DA4031-8BAF-4252-B143-03F4B70C4ECD}"
EndProject
Global
	GlobalSection(SolutionConfigurationPlatforms) = preSolution
		Debug|Any CPU = Debug|Any CPU
		Release|Any CPU = Release|Any CPU
	EndGlobalSection
	GlobalSection(ProjectConfigurationPlatforms) = postSolution
		{B4DA4031-8BAF-4252-B143-03F4B70C4ECD}.Debug|Any CPU.ActiveCfg = Debug|Any CPU
		{B4DA4031-8BAF-4252-B143-03F4B70C4ECD}.Debug|Any CPU.Build.0 = Debug|Any CPU
		{B4DA4031-8BAF-4252-B143-03F4B70C4ECD}.Release|Any CPU.ActiveCfg = Release|Any CPU
		{B4DA4031-8BAF-4252-B143-03F4B70C4ECD}.Release|Any CPU.Build.0 = Release|Any CPU
	EndGlobalSection
	GlobalSection(SolutionProperties) = preSolution
		HideSolutionNode = FALSE
	EndGlobalSection
	GlobalSection(ExtensibilityGlobals) = postSolution
		SolutionGuid = {95FDE4A8-DD97-4F39-A183-B59308C45768}
	EndGlobalSection
EndGlobal
